GEM
  remote: https://rubygems.org/
  specs:
    addressable (2.4.0)
    colorator (1.1.0)
    commonjs (0.2.7)
    faraday (0.9.2)
      multipart-post (>= 1.2, < 3)
    ffi (1.9.18)
    forwardable-extended (2.6.0)
    jekyll (3.6.2)
      addressable (~> 2.4)
      colorator (~> 1.0)
      jekyll-sass-converter (~> 1.0)
      jekyll-watch (~> 1.1)
      kramdown (~> 1.14)
      liquid (~> 4.0)
      mercenary (~> 0.3.3)
      pathutil (~> 0.9)
      rouge (>= 1.7, < 3)
      safe_yaml (~> 1.0)
    jekyll-postfiles (2.1.1)
    jekyll-sass-converter (1.5.1)
      sass (~> 3.4)
    jekyll-watch (1.5.1)
      listen (~> 3.0)
    kramdown (1.16.2)
    less (2.6.0)
      commonjs (~> 0.2.7)
    libv8 (3.16.14.15)
    liquid (4.0.0)
    listen (3.1.5)
      rb-fsevent (~> 0.9, >= 0.9.4)
      rb-inotify (~> 0.9, >= 0.9.7)
      ruby_dep (~> 1.2)
    mercenary (0.3.6)
    multipart-post (2.0.0)
    netrc (0.11.0)
    octokit (4.3.0)
      sawyer (~> 0.7.0, >= 0.5.3)
    pathutil (0.16.1)
      forwardable-extended (~> 2.6)
    rb-fsevent (0.10.2)
    rb-inotify (0.9.10)
      ffi (>= 0.5.0, < 2)
    redcarpet (3.3.4)
    ref (2.0.0)
    rouge (2.2.1)
    ruby_dep (1.5.0)
    safe_yaml (1.0.4)
    sass (3.5.3)
      sass-listen (~> 4.0.0)
    sass-listen (4.0.0)
      rb-fsevent (~> 0.9, >= 0.9.4)
      rb-inotify (~> 0.9, >= 0.9.7)
    sawyer (0.7.0)
      addressable (>= 2.3.5, < 2.5)
      faraday (~> 0.8, < 0.10)
    therubyracer (0.12.2)
      libv8 (~> 3.16.14.0)
      ref

PLATFORMS
  ruby

DEPENDENCIES
  jekyll (= 3.6.2)
  jekyll-postfiles
  less
  netrc
  octokit
  redcarpet
  therubyracer

BUNDLED WITH
   1.15.4
